
Microsoft Visual Studio Solution File, Format Version 12.00
# Visual Studio Version 17
VisualStudioVersion = 17.3.32825.248
MinimumVisualStudioVersion = 10.0.40219.1
Project("{FAE04EC0-301F-11D3-BF4B-00C04F79EFBC}") = "Week8EpicGame", "Week8EpicGame\Week8EpicGame.csproj", "{3460F957-859A-4D0C-9DEC-DBD64758ADFD}"
EndProject
Global
	GlobalSection(SolutionConfigurationPlatforms) = preSolution
		Debug|Any CPU = Debug|Any CPU
		Release|Any CPU = Release|Any CPU
	EndGlobalSection
	GlobalSection(ProjectConfigurationPlatforms) = postSolution
		{3460F957-859A-4D0C-9DEC-DBD64758ADFD}.Debug|Any CPU.ActiveCfg = Debug|Any CPU
		{3460F957-859A-4D0C-9DEC-DBD64758ADFD}.Debug|Any CPU.Build.0 = Debug|Any CPU
		{3460F957-859A-4D0C-9DEC-DBD64758ADFD}.Release|Any CPU.ActiveCfg = Release|Any CPU
		{3460F957-859A-4D0C-9DEC-DBD64758ADFD}.Release|Any CPU.Build.0 = Release|Any CPU
	EndGlobalSection
	GlobalSection(SolutionProperties) = preSolution
		HideSolutionNode = FALSE
	EndGlobalSection
	GlobalSection(ExtensibilityGlobals) = postSolution
		SolutionGuid = {0951F0C3-8C2D-4A62-AA4A-9FB84A660C98}
	EndGlobalSection
EndGlobal
